
Microsoft Visual Studio Solution File, Format Version 12.00
# Visual Studio Version 17
VisualStudioVersion = 17.9.34728.123
MinimumVisualStudioVersion = 10.0.40219.1
Project("{FAE04EC0-301F-11D3-BF4B-00C04F79EFBC}") = "AS2324.3G.SpagnoliEnrico.PSDBPCTO", "AS2324.3G.SpagnoliEnrico.PSDBPCTO.csproj", "{62F791DF-6850-43C7-B09B-B7A83C47DAB8}"
EndProject
Global
	GlobalSection(SolutionConfigurationPlatforms) = preSolution
		Debug|Any CPU = Debug|Any CPU
		Release|Any CPU = Release|Any CPU
	EndGlobalSection
	GlobalSection(ProjectConfigurationPlatforms) = postSolution
		{62F791DF-6850-43C7-B09B-B7A83C47DAB8}.Debug|Any CPU.ActiveCfg = Debug|Any CPU
		{62F791DF-6850-43C7-B09B-B7A83C47DAB8}.Debug|Any CPU.Build.0 = Debug|Any CPU
		{62F791DF-6850-43C7-B09B-B7A83C47DAB8}.Release|Any CPU.ActiveCfg = Release|Any CPU
		{62F791DF-6850-43C7-B09B-B7A83C47DAB8}.Release|Any CPU.Build.0 = Release|Any CPU
	EndGlobalSection
	GlobalSection(SolutionProperties) = preSolution
		HideSolutionNode = FALSE
	EndGlobalSection
	GlobalSection(ExtensibilityGlobals) = postSolution
		SolutionGuid = {449F2A1F-55F4-4873-9C57-74ED5DE88A18}
	EndGlobalSection
EndGlobal
